
Microsoft Visual Studio Solution File, Format Version 12.00
# Visual Studio Version 17
VisualStudioVersion = 17.14.37027.9 d17.14
MinimumVisualStudioVersion = 10.0.40219.1
Project("{F184B08F-C81C-45F6-A57F-5ABD9991F28F}") = "GenerateTableFromBallons", "GenerateTableFromBallons.vbproj", "{114A5F73-4C40-4A3F-98E1-337478AFA8E8}"
EndProject
Global
	GlobalSection(SolutionConfigurationPlatforms) = preSolution
		Debug|Any CPU = Debug|Any CPU
		Release|Any CPU = Release|Any CPU
	EndGlobalSection
	GlobalSection(ProjectConfigurationPlatforms) = postSolution
		{114A5F73-4C40-4A3F-98E1-337478AFA8E8}.Debug|Any CPU.ActiveCfg = Debug|Any CPU
		{114A5F73-4C40-4A3F-98E1-337478AFA8E8}.Debug|Any CPU.Build.0 = Debug|Any CPU
		{114A5F73-4C40-4A3F-98E1-337478AFA8E8}.Release|Any CPU.ActiveCfg = Release|Any CPU
		{114A5F73-4C40-4A3F-98E1-337478AFA8E8}.Release|Any CPU.Build.0 = Release|Any CPU
	EndGlobalSection
	GlobalSection(SolutionProperties) = preSolution
		HideSolutionNode = FALSE
	EndGlobalSection
	GlobalSection(ExtensibilityGlobals) = postSolution
		SolutionGuid = {935F13B0-ECF6-4A63-AA7C-31286DA42175}
	EndGlobalSection
EndGlobal
